{
  "name": "website",
  "requires": true,
  "lockfileVersion": 1,
  "dependencies": {
    "@nobleclem/jquery-multiselect": {
      "version": "2.4.17",
      "resolved": "https://registry.npmjs.org/@nobleclem/jquery-multiselect/-/jquery-multiselect-2.4.17.tgz",
      "integrity": "sha512-t3j4Eyg6mBWvFoIU4DMNtmSX6OvoaNpwlSdQp1JF1/lEW/3+U8M/44rRBjEy7tZ+sNayWMBS9zih+OaQ26XV6A=="
    },
    "moment": {
      "version": "2.29.1",
      "resolved": "https://registry.npmjs.org/moment/-/moment-2.29.1.tgz",
      "integrity": "sha512-kHmoybcPV8Sqy59DwNDY3Jefr64lK/by/da0ViFcuA4DH0vQg5Q6Ze5VimxkfQNSC+Mls/Kx53s7TjP1RhFEDQ=="
    },
    "popper.js": {
      "version": "1.16.1",
      "resolved": "https://registry.npmjs.org/popper.js/-/popper.js-1.16.1.tgz",
      "integrity": "sha512-Wb4p1J4zyFTbM+u6WuO4XstYx4Ky9Cewe4DWrel7B0w6VVICvPwdOpotjzcf6eD8TsckVnIMNONQyPIUFOUbCQ=="
    }
  }
}
